
Microsoft Visual Studio Solution File, Format Version 12.00
# Visual Studio Version 16
VisualStudioVersion = 16.0.30320.27
MinimumVisualStudioVersion = 10.0.40219.1
Project("{FAE04EC0-301F-11D3-BF4B-00C04F79EFBC}") = "FactroyMethod", "FactroyMethod\FactroyMethod.csproj", "{9B5ECD6F-30BC-4E69-97C0-2F5D31333426}"
EndProject
Global
	GlobalSection(SolutionConfigurationPlatforms) = preSolution
		Debug|Any CPU = Debug|Any CPU
		Release|Any CPU = Release|Any CPU
	EndGlobalSection
	GlobalSection(ProjectConfigurationPlatforms) = postSolution
		{9B5ECD6F-30BC-4E69-97C0-2F5D31333426}.Debug|Any CPU.ActiveCfg = Debug|Any CPU
		{9B5ECD6F-30BC-4E69-97C0-2F5D31333426}.Debug|Any CPU.Build.0 = Debug|Any CPU
		{9B5ECD6F-30BC-4E69-97C0-2F5D31333426}.Release|Any CPU.ActiveCfg = Release|Any CPU
		{9B5ECD6F-30BC-4E69-97C0-2F5D31333426}.Release|Any CPU.Build.0 = Release|Any CPU
	EndGlobalSection
	GlobalSection(SolutionProperties) = preSolution
		HideSolutionNode = FALSE
	EndGlobalSection
	GlobalSection(ExtensibilityGlobals) = postSolution
		SolutionGuid = {5CF4E5FC-B458-4106-8634-A6E931EF9AAD}
	EndGlobalSection
EndGlobal
